{
  "name": "widget_web",
  "version": "1.0.0",
  "lockfileVersion": 2,
  "requires": true,
  "packages": {
    "": {
      "name": "widget_web",
      "version": "1.0.0",
      "license": "ISC",
      "dependencies": {
        "labella": "^1.1.4"
      }
    },
    "node_modules/labella": {
      "version": "1.1.4",
      "resolved": "https://registry.npmjs.org/labella/-/labella-1.1.4.tgz",
      "integrity": "sha512-JJ6EWVRVuNy9KcvtgN8QvYTWHY0L5W1AYKYfr4YNBxAf/hnS6AnNDwKCYb59drWIRAejJqrQPDeFU0Zw3KPDFQ=="
    }
  },
  "dependencies": {
    "labella": {
      "version": "1.1.4",
      "resolved": "https://registry.npmjs.org/labella/-/labella-1.1.4.tgz",
      "integrity": "sha512-JJ6EWVRVuNy9KcvtgN8QvYTWHY0L5W1AYKYfr4YNBxAf/hnS6AnNDwKCYb59drWIRAejJqrQPDeFU0Zw3KPDFQ=="
    }
  }
}
